
Microsoft Visual Studio Solution File, Format Version 12.00
# Visual Studio 15
VisualStudioVersion = 15.0.27130.2027
MinimumVisualStudioVersion = 10.0.40219.1
Project("{FAE04EC0-301F-11D3-BF4B-00C04F79EFBC}") = "ImageBrowsingTest", "ImageBrowsingTest\ImageBrowsingTest.csproj", "{08A31071-5273-4642-971E-26CCDC08A9DB}"
EndProject
Global
	GlobalSection(SolutionConfigurationPlatforms) = preSolution
		Debug|Any CPU = Debug|Any CPU
		Release|Any CPU = Release|Any CPU
	EndGlobalSection
	GlobalSection(ProjectConfigurationPlatforms) = postSolution
		{08A31071-5273-4642-971E-26CCDC08A9DB}.Debug|Any CPU.ActiveCfg = Debug|Any CPU
		{08A31071-5273-4642-971E-26CCDC08A9DB}.Debug|Any CPU.Build.0 = Debug|Any CPU
		{08A31071-5273-4642-971E-26CCDC08A9DB}.Release|Any CPU.ActiveCfg = Release|Any CPU
		{08A31071-5273-4642-971E-26CCDC08A9DB}.Release|Any CPU.Build.0 = Release|Any CPU
	EndGlobalSection
	GlobalSection(SolutionProperties) = preSolution
		HideSolutionNode = FALSE
	EndGlobalSection
	GlobalSection(ExtensibilityGlobals) = postSolution
		SolutionGuid = {4B602137-37FD-4B4B-A0FF-30993EF631D5}
	EndGlobalSection
EndGlobal
