
Microsoft Visual Studio Solution File, Format Version 12.00
# Visual Studio 15
VisualStudioVersion = 15.0.27130.2027
MinimumVisualStudioVersion = 10.0.40219.1
Project("{FAE04EC0-301F-11D3-BF4B-00C04F79EFBC}") = "SSL-Client", "SSL-Client\SSL-Client.csproj", "{DD1E0A70-34CD-4B36-AA43-1FCB2FF98084}"
EndProject
Global
	GlobalSection(SolutionConfigurationPlatforms) = preSolution
		Debug|Any CPU = Debug|Any CPU
		Release|Any CPU = Release|Any CPU
	EndGlobalSection
	GlobalSection(ProjectConfigurationPlatforms) = postSolution
		{DD1E0A70-34CD-4B36-AA43-1FCB2FF98084}.Debug|Any CPU.ActiveCfg = Debug|Any CPU
		{DD1E0A70-34CD-4B36-AA43-1FCB2FF98084}.Debug|Any CPU.Build.0 = Debug|Any CPU
		{DD1E0A70-34CD-4B36-AA43-1FCB2FF98084}.Release|Any CPU.ActiveCfg = Release|Any CPU
		{DD1E0A70-34CD-4B36-AA43-1FCB2FF98084}.Release|Any CPU.Build.0 = Release|Any CPU
	EndGlobalSection
	GlobalSection(SolutionProperties) = preSolution
		HideSolutionNode = FALSE
	EndGlobalSection
	GlobalSection(ExtensibilityGlobals) = postSolution
		SolutionGuid = {9F3DB5F1-F791-48F0-9A9B-4680B1FC0041}
	EndGlobalSection
EndGlobal
