
Microsoft Visual Studio Solution File, Format Version 12.00
# Visual Studio 15
VisualStudioVersion = 15.0.27428.2005
MinimumVisualStudioVersion = 10.0.40219.1
Project("{FAE04EC0-301F-11D3-BF4B-00C04F79EFBC}") = "Salt_And_Hash", "Salt_And_Hash\Salt_And_Hash.csproj", "{ECAE1001-6E73-4A86-8D2F-03228F5165F6}"
EndProject
Global
	GlobalSection(SolutionConfigurationPlatforms) = preSolution
		Debug|Any CPU = Debug|Any CPU
		Release|Any CPU = Release|Any CPU
	EndGlobalSection
	GlobalSection(ProjectConfigurationPlatforms) = postSolution
		{ECAE1001-6E73-4A86-8D2F-03228F5165F6}.Debug|Any CPU.ActiveCfg = Debug|Any CPU
		{ECAE1001-6E73-4A86-8D2F-03228F5165F6}.Debug|Any CPU.Build.0 = Debug|Any CPU
		{ECAE1001-6E73-4A86-8D2F-03228F5165F6}.Release|Any CPU.ActiveCfg = Release|Any CPU
		{ECAE1001-6E73-4A86-8D2F-03228F5165F6}.Release|Any CPU.Build.0 = Release|Any CPU
	EndGlobalSection
	GlobalSection(SolutionProperties) = preSolution
		HideSolutionNode = FALSE
	EndGlobalSection
	GlobalSection(ExtensibilityGlobals) = postSolution
		SolutionGuid = {32F25024-1CD8-432D-933B-CDC9BE02E276}
	EndGlobalSection
EndGlobal
